// !$*UTF8*$!
{
	archiveVersion = 1;
	classes = {
	};
	objectVersion = 50;
	objects = {

/* Begin PBXBuildFile section */
		87F3C41426295C6D0069A422 /* AppDelegate.swift in Sources */ = {isa = PBXBuildFile; fileRef = 87F3C41326295C6D0069A422 /* AppDelegate.swift */; };
		87F3C41626295C6D0069A422 /* SceneDelegate.swift in Sources */ = {isa = PBXBuildFile; fileRef = 87F3C41526295C6D0069A422 /* SceneDelegate.swift */; };
		87F3C41826295C6D0069A422 /* ViewController.swift in Sources */ = {isa = PBXBuildFile; fileRef = 87F3C41726295C6D0069A422 /* ViewController.swift */; };
		87F3C41B26295C6D0069A422 /* Main.storyboard in Resources */ = {isa = PBXBuildFile; fileRef = 87F3C41926295C6D0069A422 /* Main.storyboard */; };
		87F3C41D26295C6E0069A422 /* Assets.xcassets in Resources */ = {isa = PBXBuildFile; fileRef = 87F3C41C26295C6E0069A422 /* Assets.xcassets */; };
		87F3C42026295C6E0069A422 /* LaunchScreen.storyboard in Resources */ = {isa = PBXBuildFile; fileRef = 87F3C41E26295C6E0069A422 /* LaunchScreen.storyboard */; };
		87F3C42B26295C6F0069A422 /* AssertYourselfTests.swift in Sources */ = {isa = PBXBuildFile; fileRef = 87F3C42A26295C6F0069A422 /* AssertYourselfTests.swift */; };
		87F3C43626295C6F0069A422 /* AssertYourselfUITests.swift in Sources */ = {isa = PBXBuildFile; fileRef = 87F3C43526295C6F0069A422 /* AssertYourselfUITests.swift */; };
/* End PBXBuildFile section */

/* Begin PBXContainerItemProxy section */
		87F3C42726295C6F0069A422 /* PBXContainerItemProxy */ = {
			isa = PBXContainerItemProxy;
			containerPortal = 87F3C40826295C6D0069A422 /* Project object */;
			proxyType = 1;
			remoteGlobalIDString = 87F3C40F26295C6D0069A422;
			remoteInfo = AssertYourself;
		};
		87F3C43226295C6F0069A422 /* PBXContainerItemProxy */ = {
			isa = PBXContainerItemProxy;
			containerPortal = 87F3C40826295C6D0069A422 /* Project object */;
			proxyType = 1;
			remoteGlobalIDString = 87F3C40F26295C6D0069A422;
			remoteInfo = AssertYourself;
		};
/* End PBXContainerItemProxy section */

/* Begin PBXFileReference section */
		87F3C41026295C6D0069A422 /* AssertYourself.app */ = {isa = PBXFileReference; explicitFileType = wrapper.application; includeInIndex = 0; path = AssertYourself.app; sourceTree = BUILT_PRODUCTS_DIR; };
		87F3C41326295C6D0069A422 /* AppDelegate.swift */ = {isa = PBXFileReference; lastKnownFileType = sourcecode.swift; path = AppDelegate.swift; sourceTree = "<group>"; };
		87F3C41526295C6D0069A422 /* SceneDelegate.swift */ = {isa = PBXFileReference; lastKnownFileType = sourcecode.swift; path = SceneDelegate.swift; sourceTree = "<group>"; };
		87F3C41726295C6D0069A422 /* ViewController.swift */ = {isa = PBXFileReference; lastKnownFileType = sourcecode.swift; path = ViewController.swift; sourceTree = "<group>"; };
		87F3C41A26295C6D0069A422 /* Base */ = {isa = PBXFileReference; lastKnownFileType = file.storyboard; name = Base; path = Base.lproj/Main.storyboard; sourceTree = "<group>"; };
		87F3C41C26295C6E0069A422 /* Assets.xcassets */ = {isa = PBXFileReference; lastKnownFileType = folder.assetcatalog; path = Assets.xcassets; sourceTree = "<group>"; };
		87F3C41F26295C6E0069A422 /* Base */ = {isa = PBXFileReference; lastKnownFileType = file.storyboard; name = Base; path = Base.lproj/LaunchScreen.storyboard; sourceTree = "<group>"; };
		87F3C42126295C6F0069A422 /* Info.plist */ = {isa = PBXFileReference; lastKnownFileType = text.plist.xml; path = Info.plist; sourceTree = "<group>"; };
		87F3C42626295C6F0069A422 /* AssertYourselfTests.xctest */ = {isa = PBXFileReference; explicitFileType = wrapper.cfbundle; includeInIndex = 0; path = AssertYourselfTests.xctest; sourceTree = BUILT_PRODUCTS_DIR; };
		87F3C42A26295C6F0069A422 /* AssertYourselfTests.swift */ = {isa = PBXFileReference; lastKnownFileType = sourcecode.swift; path = AssertYourselfTests.swift; sourceTree = "<group>"; };
		87F3C42C26295C6F0069A422 /* Info.plist */ = {isa = PBXFileReference; lastKnownFileType = text.plist.xml; path = Info.plist; sourceTree = "<group>"; };
		87F3C43126295C6F0069A422 /* AssertYourselfUITests.xctest */ = {isa = PBXFileReference; explicitFileType = wrapper.cfbundle; includeInIndex = 0; path = AssertYourselfUITests.xctest; sourceTree = BUILT_PRODUCTS_DIR; };
		87F3C43526295C6F0069A422 /* AssertYourselfUITests.swift */ = {isa = PBXFileReference; lastKnownFileType = sourcecode.swift; path = AssertYourselfUITests.swift; sourceTree = "<group>"; };
		87F3C43726295C6F0069A422 /* Info.plist */ = {isa = PBXFileReference; lastKnownFileType = text.plist.xml; path = Info.plist; sourceTree = "<group>"; };
/* End PBXFileReference section */

/* Begin PBXFrameworksBuildPhase section */
		87F3C40D26295C6D0069A422 /* Frameworks */ = {
			isa = PBXFrameworksBuildPhase;
			buildActionMask = 2147483647;
			files = (
			);
			runOnlyForDeploymentPostprocessing = 0;
		};
		87F3C42326295C6F0069A422 /* Frameworks */ = {
			isa = PBXFrameworksBuildPhase;
			buildActionMask = 2147483647;
			files = (
			);
			runOnlyForDeploymentPostprocessing = 0;
		};
		87F3C42E26295C6F0069A422 /* Frameworks */ = {
			isa = PBXFrameworksBuildPhase;
			buildActionMask = 2147483647;
			files = (
			);
			runOnlyForDeploymentPostprocessing = 0;
		};
/* End PBXFrameworksBuildPhase section */

/* Begin PBXGroup section */
		87F3C40726295C6D0069A422 = {
			isa = PBXGroup;
			children = (
				87F3C41226295C6D0069A422 /* AssertYourself */,
				87F3C42926295C6F0069A422 /* AssertYourselfTests */,
				87F3C43426295C6F0069A422 /* AssertYourselfUITests */,
				87F3C41126295C6D0069A422 /* Products */,
			);
			sourceTree = "<group>";
		};
		87F3C41126295C6D0069A422 /* Products */ = {
			isa = PBXGroup;
			children = (
				87F3C41026295C6D0069A422 /* AssertYourself.app */,
				87F3C42626295C6F0069A422 /* AssertYourselfTests.xctest */,
				87F3C43126295C6F0069A422 /* AssertYourselfUITests.xctest */,
			);
			name = Products;
			sourceTree = "<group>";
		};
		87F3C41226295C6D0069A422 /* AssertYourself */ = {
			isa = PBXGroup;
			children = (
				87F3C41326295C6D0069A422 /* AppDelegate.swift */,
				87F3C41526295C6D0069A422 /* SceneDelegate.swift */,
				87F3C41726295C6D0069A422 /* ViewController.swift */,
				87F3C41926295C6D0069A422 /* Main.storyboard */,
				87F3C41C26295C6E0069A422 /* Assets.xcassets */,
				87F3C41E26295C6E0069A422 /* LaunchScreen.storyboard */,
				87F3C42126295C6F0069A422 /* Info.plist */,
			);
			path = AssertYourself;
			sourceTree = "<group>";
		};
		87F3C42926295C6F0069A422 /* AssertYourselfTests */ = {
			isa = PBXGroup;
			children = (
				87F3C42A26295C6F0069A422 /* AssertYourselfTests.swift */,
				87F3C42C26295C6F0069A422 /* Info.plist */,
			);
			path = AssertYourselfTests;
			sourceTree = "<group>";
		};
		87F3C43426295C6F0069A422 /* AssertYourselfUITests */ = {
			isa = PBXGroup;
			children = (
				87F3C43526295C6F0069A422 /* AssertYourselfUITests.swift */,
				87F3C43726295C6F0069A422 /* Info.plist */,
			);
			path = AssertYourselfUITests;
			sourceTree = "<group>";
		};
/* End PBXGroup section */

/* Begin PBXNativeTarget section */
		87F3C40F26295C6D0069A422 /* AssertYourself */ = {
			isa = PBXNativeTarget;
			buildConfigurationList = 87F3C43A26295C6F0069A422 /* Build configuration list for PBXNativeTarget "AssertYourself" */;
			buildPhases = (
				87F3C40C26295C6D0069A422 /* Sources */,
				87F3C40D26295C6D0069A422 /* Frameworks */,
				87F3C40E26295C6D0069A422 /* Resources */,
			);
			buildRules = (
			);
			dependencies = (
			);
			name = AssertYourself;
			productName = AssertYourself;
			productReference = 87F3C41026295C6D0069A422 /* AssertYourself.app */;
			productType = "com.apple.product-type.application";
		};
		87F3C42526295C6F0069A422 /* AssertYourselfTests */ = {
			isa = PBXNativeTarget;
			buildConfigurationList = 87F3C43D26295C6F0069A422 /* Build configuration list for PBXNativeTarget "AssertYourselfTests" */;
			buildPhases = (
				87F3C42226295C6F0069A422 /* Sources */,
				87F3C42326295C6F0069A422 /* Frameworks */,
				87F3C42426295C6F0069A422 /* Resources */,
			);
			buildRules = (
			);
			dependencies = (
				87F3C42826295C6F0069A422 /* PBXTargetDependency */,
			);
			name = AssertYourselfTests;
			productName = AssertYourselfTests;
			productReference = 87F3C42626295C6F0069A422 /* AssertYourselfTests.xctest */;
			productType = "com.apple.product-type.bundle.unit-test";
		};
		87F3C43026295C6F0069A422 /* AssertYourselfUITests */ = {
			isa = PBXNativeTarget;
			buildConfigurationList = 87F3C44026295C6F0069A422 /* Build configuration list for PBXNativeTarget "AssertYourselfUITests" */;
			buildPhases = (
				87F3C42D26295C6F0069A422 /* Sources */,
				87F3C42E26295C6F0069A422 /* Frameworks */,
				87F3C42F26295C6F0069A422 /* Resources */,
			);
			buildRules = (
			);
			dependencies = (
				87F3C43326295C6F0069A422 /* PBXTargetDependency */,
			);
			name = AssertYourselfUITests;
			productName = AssertYourselfUITests;
			productReference = 87F3C43126295C6F0069A422 /* AssertYourselfUITests.xctest */;
			productType = "com.apple.product-type.bundle.ui-testing";
		};
/* End PBXNativeTarget section */

/* Begin PBXProject section */
		87F3C40826295C6D0069A422 /* Project object */ = {
			isa = PBXProject;
			attributes = {
				LastSwiftUpdateCheck = 1240;
				LastUpgradeCheck = 1240;
				TargetAttributes = {
					87F3C40F26295C6D0069A422 = {
						CreatedOnToolsVersion = 12.4;
					};
					87F3C42526295C6F0069A422 = {
						CreatedOnToolsVersion = 12.4;
						TestTargetID = 87F3C40F26295C6D0069A422;
					};
					87F3C43026295C6F0069A422 = {
						CreatedOnToolsVersion = 12.4;
						TestTargetID = 87F3C40F26295C6D0069A422;
					};
				};
			};
			buildConfigurationList = 87F3C40B26295C6D0069A422 /* Build configuration list for PBXProject "AssertYourself" */;
			compatibilityVersion = "Xcode 9.3";
			developmentRegion = en;
			hasScannedForEncodings = 0;
			knownRegions = (
				en,
				Base,
			);
			mainGroup = 87F3C40726295C6D0069A422;
			productRefGroup = 87F3C41126295C6D0069A422 /* Products */;
			projectDirPath = "";
			projectRoot = "";
			targets = (
				87F3C40F26295C6D0069A422 /* AssertYourself */,
				87F3C42526295C6F0069A422 /* AssertYourselfTests */,
				87F3C43026295C6F0069A422 /* AssertYourselfUITests */,
			);
		};
/* End PBXProject section */

/* Begin PBXResourcesBuildPhase section */
		87F3C40E26295C6D0069A422 /* Resources */ = {
			isa = PBXResourcesBuildPhase;
			buildActionMask = 2147483647;
			files = (
				87F3C42026295C6E0069A422 /* LaunchScreen.storyboard in Resources */,
				87F3C41D26295C6E0069A422 /* Assets.xcassets in Resources */,
				87F3C41B26295C6D0069A422 /* Main.storyboard in Resources */,
			);
			runOnlyForDeploymentPostprocessing = 0;
		};
		87F3C42426295C6F0069A422 /* Resources */ = {
			isa = PBXResourcesBuildPhase;
			buildActionMask = 2147483647;
			files = (
			);
			runOnlyForDeploymentPostprocessing = 0;
		};
		87F3C42F26295C6F0069A422 /* Resources */ = {
			isa = PBXResourcesBuildPhase;
			buildActionMask = 2147483647;
			files = (
			);
			runOnlyForDeploymentPostprocessing = 0;
		};
/* End PBXResourcesBuildPhase section */

/* Begin PBXSourcesBuildPhase section */
		87F3C40C26295C6D0069A422 /* Sources */ = {
			isa = PBXSourcesBuildPhase;
			buildActionMask = 2147483647;
			files = (
				87F3C41826295C6D0069A422 /* ViewController.swift in Sources */,
				87F3C41426295C6D0069A422 /* AppDelegate.swift in Sources */,
				87F3C41626295C6D0069A422 /* SceneDelegate.swift in Sources */,
			);
			runOnlyForDeploymentPostprocessing = 0;
		};
		87F3C42226295C6F0069A422 /* Sources */ = {
			isa = PBXSourcesBuildPhase;
			buildActionMask = 2147483647;
			files = (
				87F3C42B26295C6F0069A422 /* AssertYourselfTests.swift in Sources */,
			);
			runOnlyForDeploymentPostprocessing = 0;
		};
		87F3C42D26295C6F0069A422 /* Sources */ = {
			isa = PBXSourcesBuildPhase;
			buildActionMask = 2147483647;
			files = (
				87F3C43626295C6F0069A422 /* AssertYourselfUITests.swift in Sources */,
			);
			runOnlyForDeploymentPostprocessing = 0;
		};
/* End PBXSourcesBuildPhase section */

/* Begin PBXTargetDependency section */
		87F3C42826295C6F0069A422 /* PBXTargetDependency */ = {
			isa = PBXTargetDependency;
			target = 87F3C40F26295C6D0069A422 /* AssertYourself */;
			targetProxy = 87F3C42726295C6F0069A422 /* PBXContainerItemProxy */;
		};
		87F3C43326295C6F0069A422 /* PBXTargetDependency */ = {
			isa = PBXTargetDependency;
			target = 87F3C40F26295C6D0069A422 /* AssertYourself */;
			targetProxy = 87F3C43226295C6F0069A422 /* PBXContainerItemProxy */;
		};
/* End PBXTargetDependency section */

/* Begin PBXVariantGroup section */
		87F3C41926295C6D0069A422 /* Main.storyboard */ = {
			isa = PBXVariantGroup;
			children = (
				87F3C41A26295C6D0069A422 /* Base */,
			);
			name = Main.storyboard;
			sourceTree = "<group>";
		};
		87F3C41E26295C6E0069A422 /* LaunchScreen.storyboard */ = {
			isa = PBXVariantGroup;
			children = (
				87F3C41F26295C6E0069A422 /* Base */,
			);
			name = LaunchScreen.storyboard;
			sourceTree = "<group>";
		};
/* End PBXVariantGroup section */

/* Begin XCBuildConfiguration section */
		87F3C43826295C6F0069A422 /* Debug */ = {
			isa = XCBuildConfiguration;
			buildSettings = {
				ALWAYS_SEARCH_USER_PATHS = NO;
				CLANG_ANALYZER_NONNULL = YES;
				CLANG_ANALYZER_NUMBER_OBJECT_CONVERSION = YES_AGGRESSIVE;
				CLANG_CXX_LANGUAGE_STANDARD = "gnu++14";
				CLANG_CXX_LIBRARY = "libc++";
				CLANG_ENABLE_MODULES = YES;
				CLANG_ENABLE_OBJC_ARC = YES;
				CLANG_ENABLE_OBJC_WEAK = YES;
				CLANG_WARN_BLOCK_CAPTURE_AUTORELEASING = YES;
				CLANG_WARN_BOOL_CONVERSION = YES;
				CLANG_WARN_COMMA = YES;
				CLANG_WARN_CONSTANT_CONVERSION = YES;
				CLANG_WARN_DEPRECATED_OBJC_IMPLEMENTATIONS = YES;
				CLANG_WARN_DIRECT_OBJC_ISA_USAGE = YES_ERROR;
				CLANG_WARN_DOCUMENTATION_COMMENTS = YES;
				CLANG_WARN_EMPTY_BODY = YES;
				CLANG_WARN_ENUM_CONVERSION = YES;
				CLANG_WARN_INFINITE_RECURSION = YES;
				CLANG_WARN_INT_CONVERSION = YES;
				CLANG_WARN_NON_LITERAL_NULL_CONVERSION = YES;
				CLANG_WARN_OBJC_IMPLICIT_RETAIN_SELF = YES;
				CLANG_WARN_OBJC_LITERAL_CONVERSION = YES;
				CLANG_WARN_OBJC_ROOT_CLASS = YES_ERROR;
				CLANG_WARN_QUOTED_INCLUDE_IN_FRAMEWORK_HEADER = YES;
				CLANG_WARN_RANGE_LOOP_ANALYSIS = YES;
				CLANG_WARN_STRICT_PROTOTYPES = YES;
				CLANG_WARN_SUSPICIOUS_MOVE = YES;
				CLANG_WARN_UNGUARDED_AVAILABILITY = YES_AGGRESSIVE;
				CLANG_WARN_UNREACHABLE_CODE = YES;
				CLANG_WARN__DUPLICATE_METHOD_MATCH = YES;
				COPY_PHASE_STRIP = NO;
				DEBUG_INFORMATION_FORMAT = dwarf;
				ENABLE_STRICT_OBJC_MSGSEND = YES;
				ENABLE_TESTABILITY = YES;
				GCC_C_LANGUAGE_STANDARD = gnu11;
				GCC_DYNAMIC_NO_PIC = NO;
				GCC_NO_COMMON_BLOCKS = YES;
				GCC_OPTIMIZATION_LEVEL = 0;
				GCC_PREPROCESSOR_DEFINITIONS = (
					"DEBUG=1",
					"$(inherited)",
				);
				GCC_WARN_64_TO_32_BIT_CONVERSION = YES;
				GCC_WARN_ABOUT_RETURN_TYPE = YES_ERROR;
				GCC_WARN_UNDECLARED_SELECTOR = YES;
				GCC_WARN_UNINITIALIZED_AUTOS = YES_AGGRESSIVE;
				GCC_WARN_UNUSED_FUNCTION = YES;
				GCC_WARN_UNUSED_VARIABLE = YES;
				IPHONEOS_DEPLOYMENT_TARGET = 14.4;
				MTL_ENABLE_DEBUG_INFO = INCLUDE_SOURCE;
				MTL_FAST_MATH = YES;
				ONLY_ACTIVE_ARCH = YES;
				SDKROOT = iphoneos;
				SWIFT_ACTIVE_COMPILATION_CONDITIONS = DEBUG;
				SWIFT_OPTIMIZATION_LEVEL = "-Onone";
			};
			name = Debug;
		};
		87F3C43926295C6F0069A422 /* Release */ = {
			isa = XCBuildConfiguration;
			buildSettings = {
				ALWAYS_SEARCH_USER_PATHS = NO;
				CLANG_ANALYZER_NONNULL = YES;
				CLANG_ANALYZER_NUMBER_OBJECT_CONVERSION = YES_AGGRESSIVE;
				CLANG_CXX_LANGUAGE_STANDARD = "gnu++14";
				CLANG_CXX_LIBRARY = "libc++";
				CLANG_ENABLE_MODULES = YES;
				CLANG_ENABLE_OBJC_ARC = YES;
				CLANG_ENABLE_OBJC_WEAK = YES;
				CLANG_WARN_BLOCK_CAPTURE_AUTORELEASING = YES;
				CLANG_WARN_BOOL_CONVERSION = YES;
				CLANG_WARN_COMMA = YES;
				CLANG_WARN_CONSTANT_CONVERSION = YES;
				CLANG_WARN_DEPRECATED_OBJC_IMPLEMENTATIONS = YES;
				CLANG_WARN_DIRECT_OBJC_ISA_USAGE = YES_ERROR;
				CLANG_WARN_DOCUMENTATION_COMMENTS = YES;
				CLANG_WARN_EMPTY_BODY = YES;
				CLANG_WARN_ENUM_CONVERSION = YES;
				CLANG_WARN_INFINITE_RECURSION = YES;
				CLANG_WARN_INT_CONVERSION = YES;
				CLANG_WARN_NON_LITERAL_NULL_CONVERSION = YES;
				CLANG_WARN_OBJC_IMPLICIT_RETAIN_SELF = YES;
				CLANG_WARN_OBJC_LITERAL_CONVERSION = YES;
				CLANG_WARN_OBJC_ROOT_CLASS = YES_ERROR;
				CLANG_WARN_QUOTED_INCLUDE_IN_FRAMEWORK_HEADER = YES;
				CLANG_WARN_RANGE_LOOP_ANALYSIS = YES;
				CLANG_WARN_STRICT_PROTOTYPES = YES;
				CLANG_WARN_SUSPICIOUS_MOVE = YES;
				CLANG_WARN_UNGUARDED_AVAILABILITY = YES_AGGRESSIVE;
				CLANG_WARN_UNREACHABLE_CODE = YES;
				CLANG_WARN__DUPLICATE_METHOD_MATCH = YES;
				COPY_PHASE_STRIP = NO;
				DEBUG_INFORMATION_FORMAT = "dwarf-with-dsym";
				ENABLE_NS_ASSERTIONS = NO;
				ENABLE_STRICT_OBJC_MSGSEND = YES;
				GCC_C_LANGUAGE_STANDARD = gnu11;
				GCC_NO_COMMON_BLOCKS = YES;
				GCC_WARN_64_TO_32_BIT_CONVERSION = YES;
				GCC_WARN_ABOUT_RETURN_TYPE = YES_ERROR;
				GCC_WARN_UNDECLARED_SELECTOR = YES;
				GCC_WARN_UNINITIALIZED_AUTOS = YES_AGGRESSIVE;
				GCC_WARN_UNUSED_FUNCTION = YES;
				GCC_WARN_UNUSED_VARIABLE = YES;
				IPHONEOS_DEPLOYMENT_TARGET = 14.4;
				MTL_ENABLE_DEBUG_INFO = NO;
				MTL_FAST_MATH = YES;
				SDKROOT = iphoneos;
				SWIFT_COMPILATION_MODE = wholemodule;
				SWIFT_OPTIMIZATION_LEVEL = "-O";
				VALIDATE_PRODUCT = YES;
			};
			name = Release;
		};
		87F3C43B26295C6F0069A422 /* Debug */ = {
			isa = XCBuildConfiguration;
			buildSettings = {
				ASSETCATALOG_COMPILER_APPICON_NAME = AppIcon;
				ASSETCATALOG_COMPILER_GLOBAL_ACCENT_COLOR_NAME = AccentColor;
				CODE_SIGN_STYLE = Automatic;
				DEVELOPMENT_TEAM = XX77A4QKHR;
				INFOPLIST_FILE = AssertYourself/Info.plist;
				LD_RUNPATH_SEARCH_PATHS = (
					"$(inherited)",
					"@executable_path/Frameworks",
				);
				PRODUCT_BUNDLE_IDENTIFIER = andreaslydemann.AssertYourself;
				PRODUCT_NAME = "$(TARGET_NAME)";
				SWIFT_VERSION = 5.0;
				TARGETED_DEVICE_FAMILY = "1,2";
			};
			name = Debug;
		};
		87F3C43C26295C6F0069A422 /* Release */ = {
			isa = XCBuildConfiguration;
			buildSettings = {
				ASSETCATALOG_COMPILER_APPICON_NAME = AppIcon;
				ASSETCATALOG_COMPILER_GLOBAL_ACCENT_COLOR_NAME = AccentColor;
				CODE_SIGN_STYLE = Automatic;
				DEVELOPMENT_TEAM = XX77A4QKHR;
				INFOPLIST_FILE = AssertYourself/Info.plist;
				LD_RUNPATH_SEARCH_PATHS = (
					"$(inherited)",
					"@executable_path/Frameworks",
				);
				PRODUCT_BUNDLE_IDENTIFIER = andreaslydemann.AssertYourself;
				PRODUCT_NAME = "$(TARGET_NAME)";
				SWIFT_VERSION = 5.0;
				TARGETED_DEVICE_FAMILY = "1,2";
			};
			name = Release;
		};
		87F3C43E26295C6F0069A422 /* Debug */ = {
			isa = XCBuildConfiguration;
			buildSettings = {
				ALWAYS_EMBED_SWIFT_STANDARD_LIBRARIES = YES;
				BUNDLE_LOADER = "$(TEST_HOST)";
				CODE_SIGN_STYLE = Automatic;
				DEVELOPMENT_TEAM = XX77A4QKHR;
				INFOPLIST_FILE = AssertYourselfTests/Info.plist;
				IPHONEOS_DEPLOYMENT_TARGET = 14.4;
				LD_RUNPATH_SEARCH_PATHS = (
					"$(inherited)",
					"@executable_path/Frameworks",
					"@loader_path/Frameworks",
				);
				PRODUCT_BUNDLE_IDENTIFIER = andreaslydemann.AssertYourselfTests;
				PRODUCT_NAME = "$(TARGET_NAME)";
				SWIFT_VERSION = 5.0;
				TARGETED_DEVICE_FAMILY = "1,2";
				TEST_HOST = "$(BUILT_PRODUCTS_DIR)/AssertYourself.app/AssertYourself";
			};
			name = Debug;
		};
		87F3C43F26295C6F0069A422 /* Release */ = {
			isa = XCBuildConfiguration;
			buildSettings = {
				ALWAYS_EMBED_SWIFT_STANDARD_LIBRARIES = YES;
				BUNDLE_LOADER = "$(TEST_HOST)";
				CODE_SIGN_STYLE = Automatic;
				DEVELOPMENT_TEAM = XX77A4QKHR;
				INFOPLIST_FILE = AssertYourselfTests/Info.plist;
				IPHONEOS_DEPLOYMENT_TARGET = 14.4;
				LD_RUNPATH_SEARCH_PATHS = (
					"$(inherited)",
					"@executable_path/Frameworks",
					"@loader_path/Frameworks",
				);
				PRODUCT_BUNDLE_IDENTIFIER = andreaslydemann.AssertYourselfTests;
				PRODUCT_NAME = "$(TARGET_NAME)";
				SWIFT_VERSION = 5.0;
				TARGETED_DEVICE_FAMILY = "1,2";
				TEST_HOST = "$(BUILT_PRODUCTS_DIR)/AssertYourself.app/AssertYourself";
			};
			name = Release;
		};
		87F3C44126295C6F0069A422 /* Debug */ = {
			isa = XCBuildConfiguration;
			buildSettings = {
				ALWAYS_EMBED_SWIFT_STANDARD_LIBRARIES = YES;
				CODE_SIGN_STYLE = Automatic;
				DEVELOPMENT_TEAM = XX77A4QKHR;
				INFOPLIST_FILE = AssertYourselfUITests/Info.plist;
				LD_RUNPATH_SEARCH_PATHS = (
					"$(inherited)",
					"@executable_path/Frameworks",
					"@loader_path/Frameworks",
				);
				PRODUCT_BUNDLE_IDENTIFIER = andreaslydemann.AssertYourselfUITests;
				PRODUCT_NAME = "$(TARGET_NAME)";
				SWIFT_VERSION = 5.0;
				TARGETED_DEVICE_FAMILY = "1,2";
				TEST_TARGET_NAME = AssertYourself;
			};
			name = Debug;
		};
		87F3C44226295C6F0069A422 /* Release */ = {
			isa = XCBuildConfiguration;
			buildSettings = {
				ALWAYS_EMBED_SWIFT_STANDARD_LIBRARIES = YES;
				CODE_SIGN_STYLE = Automatic;
				DEVELOPMENT_TEAM = XX77A4QKHR;
				INFOPLIST_FILE = AssertYourselfUITests/Info.plist;
				LD_RUNPATH_SEARCH_PATHS = (
					"$(inherited)",
					"@executable_path/Frameworks",
					"@loader_path/Frameworks",
				);
				PRODUCT_BUNDLE_IDENTIFIER = andreaslydemann.AssertYourselfUITests;
				PRODUCT_NAME = "$(TARGET_NAME)";
				SWIFT_VERSION = 5.0;
				TARGETED_DEVICE_FAMILY = "1,2";
				TEST_TARGET_NAME = AssertYourself;
			};
			name = Release;
		};
/* End XCBuildConfiguration section */

/* Begin XCConfigurationList section */
		87F3C40B26295C6D0069A422 /* Build configuration list for PBXProject "AssertYourself" */ = {
			isa = XCConfigurationList;
			buildConfigurations = (
				87F3C43826295C6F0069A422 /* Debug */,
				87F3C43926295C6F0069A422 /* Release */,
			);
			defaultConfigurationIsVisible = 0;
			defaultConfigurationName = Release;
		};
		87F3C43A26295C6F0069A422 /* Build configuration list for PBXNativeTarget "AssertYourself" */ = {
			isa = XCConfigurationList;
			buildConfigurations = (
				87F3C43B26295C6F0069A422 /* Debug */,
				87F3C43C26295C6F0069A422 /* Release */,
			);
			defaultConfigurationIsVisible = 0;
			defaultConfigurationName = Release;
		};
		87F3C43D26295C6F0069A422 /* Build configuration list for PBXNativeTarget "AssertYourselfTests" */ = {
			isa = XCConfigurationList;
			buildConfigurations = (
				87F3C43E26295C6F0069A422 /* Debug */,
				87F3C43F26295C6F0069A422 /* Release */,
			);
			defaultConfigurationIsVisible = 0;
			defaultConfigurationName = Release;
		};
		87F3C44026295C6F0069A422 /* Build configuration list for PBXNativeTarget "AssertYourselfUITests" */ = {
			isa = XCConfigurationList;
			buildConfigurations = (
				87F3C44126295C6F0069A422 /* Debug */,
				87F3C44226295C6F0069A422 /* Release */,
			);
			defaultConfigurationIsVisible = 0;
			defaultConfigurationName = Release;
		};
/* End XCConfigurationList section */
	};
	rootObject = 87F3C40826295C6D0069A422 /* Project object */;
}
