// !$*UTF8*$!
{
	archiveVersion = 1;
	classes = {
	};
	objectVersion = 50;
	objects = {

/* Begin PBXBuildFile section */
		871B79A9263745A200E6015C /* AppDelegate.swift in Sources */ = {isa = PBXBuildFile; fileRef = 871B79A8263745A200E6015C /* AppDelegate.swift */; };
		871B79AB263745A200E6015C /* SceneDelegate.swift in Sources */ = {isa = PBXBuildFile; fileRef = 871B79AA263745A200E6015C /* SceneDelegate.swift */; };
		871B79AD263745A200E6015C /* ViewController.swift in Sources */ = {isa = PBXBuildFile; fileRef = 871B79AC263745A200E6015C /* ViewController.swift */; };
		871B79B0263745A200E6015C /* Main.storyboard in Resources */ = {isa = PBXBuildFile; fileRef = 871B79AE263745A200E6015C /* Main.storyboard */; };
		871B79B2263745A300E6015C /* Assets.xcassets in Resources */ = {isa = PBXBuildFile; fileRef = 871B79B1263745A300E6015C /* Assets.xcassets */; };
		871B79B5263745A300E6015C /* LaunchScreen.storyboard in Resources */ = {isa = PBXBuildFile; fileRef = 871B79B3263745A300E6015C /* LaunchScreen.storyboard */; };
		871B79C0263745A400E6015C /* NavigationTests.swift in Sources */ = {isa = PBXBuildFile; fileRef = 871B79BF263745A400E6015C /* NavigationTests.swift */; };
		871B79CB263745A400E6015C /* NavigationUITests.swift in Sources */ = {isa = PBXBuildFile; fileRef = 871B79CA263745A400E6015C /* NavigationUITests.swift */; };
		871B79E5263748AF00E6015C /* CodeNextViewController.swift in Sources */ = {isa = PBXBuildFile; fileRef = 871B79E3263748AF00E6015C /* CodeNextViewController.swift */; };
		871B79EE26374A7800E6015C /* SegueNextViewController.swift in Sources */ = {isa = PBXBuildFile; fileRef = 871B79ED26374A7800E6015C /* SegueNextViewController.swift */; };
/* End PBXBuildFile section */

/* Begin PBXContainerItemProxy section */
		871B79BC263745A400E6015C /* PBXContainerItemProxy */ = {
			isa = PBXContainerItemProxy;
			containerPortal = 871B799D263745A200E6015C /* Project object */;
			proxyType = 1;
			remoteGlobalIDString = 871B79A4263745A200E6015C;
			remoteInfo = Navigation;
		};
		871B79C7263745A400E6015C /* PBXContainerItemProxy */ = {
			isa = PBXContainerItemProxy;
			containerPortal = 871B799D263745A200E6015C /* Project object */;
			proxyType = 1;
			remoteGlobalIDString = 871B79A4263745A200E6015C;
			remoteInfo = Navigation;
		};
/* End PBXContainerItemProxy section */

/* Begin PBXFileReference section */
		871B79A5263745A200E6015C /* Navigation.app */ = {isa = PBXFileReference; explicitFileType = wrapper.application; includeInIndex = 0; path = Navigation.app; sourceTree = BUILT_PRODUCTS_DIR; };
		871B79A8263745A200E6015C /* AppDelegate.swift */ = {isa = PBXFileReference; lastKnownFileType = sourcecode.swift; path = AppDelegate.swift; sourceTree = "<group>"; };
		871B79AA263745A200E6015C /* SceneDelegate.swift */ = {isa = PBXFileReference; lastKnownFileType = sourcecode.swift; path = SceneDelegate.swift; sourceTree = "<group>"; };
		871B79AC263745A200E6015C /* ViewController.swift */ = {isa = PBXFileReference; lastKnownFileType = sourcecode.swift; path = ViewController.swift; sourceTree = "<group>"; };
		871B79AF263745A200E6015C /* Base */ = {isa = PBXFileReference; lastKnownFileType = file.storyboard; name = Base; path = Base.lproj/Main.storyboard; sourceTree = "<group>"; };
		871B79B1263745A300E6015C /* Assets.xcassets */ = {isa = PBXFileReference; lastKnownFileType = folder.assetcatalog; path = Assets.xcassets; sourceTree = "<group>"; };
		871B79B4263745A300E6015C /* Base */ = {isa = PBXFileReference; lastKnownFileType = file.storyboard; name = Base; path = Base.lproj/LaunchScreen.storyboard; sourceTree = "<group>"; };
		871B79B6263745A300E6015C /* Info.plist */ = {isa = PBXFileReference; lastKnownFileType = text.plist.xml; path = Info.plist; sourceTree = "<group>"; };
		871B79BB263745A400E6015C /* NavigationTests.xctest */ = {isa = PBXFileReference; explicitFileType = wrapper.cfbundle; includeInIndex = 0; path = NavigationTests.xctest; sourceTree = BUILT_PRODUCTS_DIR; };
		871B79BF263745A400E6015C /* NavigationTests.swift */ = {isa = PBXFileReference; lastKnownFileType = sourcecode.swift; path = NavigationTests.swift; sourceTree = "<group>"; };
		871B79C1263745A400E6015C /* Info.plist */ = {isa = PBXFileReference; lastKnownFileType = text.plist.xml; path = Info.plist; sourceTree = "<group>"; };
		871B79C6263745A400E6015C /* NavigationUITests.xctest */ = {isa = PBXFileReference; explicitFileType = wrapper.cfbundle; includeInIndex = 0; path = NavigationUITests.xctest; sourceTree = BUILT_PRODUCTS_DIR; };
		871B79CA263745A400E6015C /* NavigationUITests.swift */ = {isa = PBXFileReference; lastKnownFileType = sourcecode.swift; path = NavigationUITests.swift; sourceTree = "<group>"; };
		871B79CC263745A400E6015C /* Info.plist */ = {isa = PBXFileReference; lastKnownFileType = text.plist.xml; path = Info.plist; sourceTree = "<group>"; };
		871B79E3263748AF00E6015C /* CodeNextViewController.swift */ = {isa = PBXFileReference; lastKnownFileType = sourcecode.swift; path = CodeNextViewController.swift; sourceTree = "<group>"; };
		871B79ED26374A7800E6015C /* SegueNextViewController.swift */ = {isa = PBXFileReference; lastKnownFileType = sourcecode.swift; path = SegueNextViewController.swift; sourceTree = "<group>"; };
/* End PBXFileReference section */

/* Begin PBXFrameworksBuildPhase section */
		871B79A2263745A200E6015C /* Frameworks */ = {
			isa = PBXFrameworksBuildPhase;
			buildActionMask = 2147483647;
			files = (
			);
			runOnlyForDeploymentPostprocessing = 0;
		};
		871B79B8263745A400E6015C /* Frameworks */ = {
			isa = PBXFrameworksBuildPhase;
			buildActionMask = 2147483647;
			files = (
			);
			runOnlyForDeploymentPostprocessing = 0;
		};
		871B79C3263745A400E6015C /* Frameworks */ = {
			isa = PBXFrameworksBuildPhase;
			buildActionMask = 2147483647;
			files = (
			);
			runOnlyForDeploymentPostprocessing = 0;
		};
/* End PBXFrameworksBuildPhase section */

/* Begin PBXGroup section */
		871B799C263745A200E6015C = {
			isa = PBXGroup;
			children = (
				871B79A7263745A200E6015C /* Navigation */,
				871B79BE263745A400E6015C /* NavigationTests */,
				871B79C9263745A400E6015C /* NavigationUITests */,
				871B79A6263745A200E6015C /* Products */,
			);
			sourceTree = "<group>";
		};
		871B79A6263745A200E6015C /* Products */ = {
			isa = PBXGroup;
			children = (
				871B79A5263745A200E6015C /* Navigation.app */,
				871B79BB263745A400E6015C /* NavigationTests.xctest */,
				871B79C6263745A400E6015C /* NavigationUITests.xctest */,
			);
			name = Products;
			sourceTree = "<group>";
		};
		871B79A7263745A200E6015C /* Navigation */ = {
			isa = PBXGroup;
			children = (
				871B79A8263745A200E6015C /* AppDelegate.swift */,
				871B79AA263745A200E6015C /* SceneDelegate.swift */,
				871B79AC263745A200E6015C /* ViewController.swift */,
				871B79AE263745A200E6015C /* Main.storyboard */,
				871B79B1263745A300E6015C /* Assets.xcassets */,
				871B79B3263745A300E6015C /* LaunchScreen.storyboard */,
				871B79B6263745A300E6015C /* Info.plist */,
				871B79E3263748AF00E6015C /* CodeNextViewController.swift */,
				871B79ED26374A7800E6015C /* SegueNextViewController.swift */,
			);
			path = Navigation;
			sourceTree = "<group>";
		};
		871B79BE263745A400E6015C /* NavigationTests */ = {
			isa = PBXGroup;
			children = (
				871B79BF263745A400E6015C /* NavigationTests.swift */,
				871B79C1263745A400E6015C /* Info.plist */,
			);
			path = NavigationTests;
			sourceTree = "<group>";
		};
		871B79C9263745A400E6015C /* NavigationUITests */ = {
			isa = PBXGroup;
			children = (
				871B79CA263745A400E6015C /* NavigationUITests.swift */,
				871B79CC263745A400E6015C /* Info.plist */,
			);
			path = NavigationUITests;
			sourceTree = "<group>";
		};
/* End PBXGroup section */

/* Begin PBXNativeTarget section */
		871B79A4263745A200E6015C /* Navigation */ = {
			isa = PBXNativeTarget;
			buildConfigurationList = 871B79CF263745A400E6015C /* Build configuration list for PBXNativeTarget "Navigation" */;
			buildPhases = (
				871B79A1263745A200E6015C /* Sources */,
				871B79A2263745A200E6015C /* Frameworks */,
				871B79A3263745A200E6015C /* Resources */,
			);
			buildRules = (
			);
			dependencies = (
			);
			name = Navigation;
			productName = Navigation;
			productReference = 871B79A5263745A200E6015C /* Navigation.app */;
			productType = "com.apple.product-type.application";
		};
		871B79BA263745A400E6015C /* NavigationTests */ = {
			isa = PBXNativeTarget;
			buildConfigurationList = 871B79D2263745A400E6015C /* Build configuration list for PBXNativeTarget "NavigationTests" */;
			buildPhases = (
				871B79B7263745A400E6015C /* Sources */,
				871B79B8263745A400E6015C /* Frameworks */,
				871B79B9263745A400E6015C /* Resources */,
			);
			buildRules = (
			);
			dependencies = (
				871B79BD263745A400E6015C /* PBXTargetDependency */,
			);
			name = NavigationTests;
			productName = NavigationTests;
			productReference = 871B79BB263745A400E6015C /* NavigationTests.xctest */;
			productType = "com.apple.product-type.bundle.unit-test";
		};
		871B79C5263745A400E6015C /* NavigationUITests */ = {
			isa = PBXNativeTarget;
			buildConfigurationList = 871B79D5263745A400E6015C /* Build configuration list for PBXNativeTarget "NavigationUITests" */;
			buildPhases = (
				871B79C2263745A400E6015C /* Sources */,
				871B79C3263745A400E6015C /* Frameworks */,
				871B79C4263745A400E6015C /* Resources */,
			);
			buildRules = (
			);
			dependencies = (
				871B79C8263745A400E6015C /* PBXTargetDependency */,
			);
			name = NavigationUITests;
			productName = NavigationUITests;
			productReference = 871B79C6263745A400E6015C /* NavigationUITests.xctest */;
			productType = "com.apple.product-type.bundle.ui-testing";
		};
/* End PBXNativeTarget section */

/* Begin PBXProject section */
		871B799D263745A200E6015C /* Project object */ = {
			isa = PBXProject;
			attributes = {
				LastSwiftUpdateCheck = 1240;
				LastUpgradeCheck = 1240;
				TargetAttributes = {
					871B79A4263745A200E6015C = {
						CreatedOnToolsVersion = 12.4;
					};
					871B79BA263745A400E6015C = {
						CreatedOnToolsVersion = 12.4;
						TestTargetID = 871B79A4263745A200E6015C;
					};
					871B79C5263745A400E6015C = {
						CreatedOnToolsVersion = 12.4;
						TestTargetID = 871B79A4263745A200E6015C;
					};
				};
			};
			buildConfigurationList = 871B79A0263745A200E6015C /* Build configuration list for PBXProject "Navigation" */;
			compatibilityVersion = "Xcode 9.3";
			developmentRegion = en;
			hasScannedForEncodings = 0;
			knownRegions = (
				en,
				Base,
			);
			mainGroup = 871B799C263745A200E6015C;
			productRefGroup = 871B79A6263745A200E6015C /* Products */;
			projectDirPath = "";
			projectRoot = "";
			targets = (
				871B79A4263745A200E6015C /* Navigation */,
				871B79BA263745A400E6015C /* NavigationTests */,
				871B79C5263745A400E6015C /* NavigationUITests */,
			);
		};
/* End PBXProject section */

/* Begin PBXResourcesBuildPhase section */
		871B79A3263745A200E6015C /* Resources */ = {
			isa = PBXResourcesBuildPhase;
			buildActionMask = 2147483647;
			files = (
				871B79B5263745A300E6015C /* LaunchScreen.storyboard in Resources */,
				871B79B2263745A300E6015C /* Assets.xcassets in Resources */,
				871B79B0263745A200E6015C /* Main.storyboard in Resources */,
			);
			runOnlyForDeploymentPostprocessing = 0;
		};
		871B79B9263745A400E6015C /* Resources */ = {
			isa = PBXResourcesBuildPhase;
			buildActionMask = 2147483647;
			files = (
			);
			runOnlyForDeploymentPostprocessing = 0;
		};
		871B79C4263745A400E6015C /* Resources */ = {
			isa = PBXResourcesBuildPhase;
			buildActionMask = 2147483647;
			files = (
			);
			runOnlyForDeploymentPostprocessing = 0;
		};
/* End PBXResourcesBuildPhase section */

/* Begin PBXSourcesBuildPhase section */
		871B79A1263745A200E6015C /* Sources */ = {
			isa = PBXSourcesBuildPhase;
			buildActionMask = 2147483647;
			files = (
				871B79E5263748AF00E6015C /* CodeNextViewController.swift in Sources */,
				871B79EE26374A7800E6015C /* SegueNextViewController.swift in Sources */,
				871B79AD263745A200E6015C /* ViewController.swift in Sources */,
				871B79A9263745A200E6015C /* AppDelegate.swift in Sources */,
				871B79AB263745A200E6015C /* SceneDelegate.swift in Sources */,
			);
			runOnlyForDeploymentPostprocessing = 0;
		};
		871B79B7263745A400E6015C /* Sources */ = {
			isa = PBXSourcesBuildPhase;
			buildActionMask = 2147483647;
			files = (
				871B79C0263745A400E6015C /* NavigationTests.swift in Sources */,
			);
			runOnlyForDeploymentPostprocessing = 0;
		};
		871B79C2263745A400E6015C /* Sources */ = {
			isa = PBXSourcesBuildPhase;
			buildActionMask = 2147483647;
			files = (
				871B79CB263745A400E6015C /* NavigationUITests.swift in Sources */,
			);
			runOnlyForDeploymentPostprocessing = 0;
		};
/* End PBXSourcesBuildPhase section */

/* Begin PBXTargetDependency section */
		871B79BD263745A400E6015C /* PBXTargetDependency */ = {
			isa = PBXTargetDependency;
			target = 871B79A4263745A200E6015C /* Navigation */;
			targetProxy = 871B79BC263745A400E6015C /* PBXContainerItemProxy */;
		};
		871B79C8263745A400E6015C /* PBXTargetDependency */ = {
			isa = PBXTargetDependency;
			target = 871B79A4263745A200E6015C /* Navigation */;
			targetProxy = 871B79C7263745A400E6015C /* PBXContainerItemProxy */;
		};
/* End PBXTargetDependency section */

/* Begin PBXVariantGroup section */
		871B79AE263745A200E6015C /* Main.storyboard */ = {
			isa = PBXVariantGroup;
			children = (
				871B79AF263745A200E6015C /* Base */,
			);
			name = Main.storyboard;
			sourceTree = "<group>";
		};
		871B79B3263745A300E6015C /* LaunchScreen.storyboard */ = {
			isa = PBXVariantGroup;
			children = (
				871B79B4263745A300E6015C /* Base */,
			);
			name = LaunchScreen.storyboard;
			sourceTree = "<group>";
		};
/* End PBXVariantGroup section */

/* Begin XCBuildConfiguration section */
		871B79CD263745A400E6015C /* Debug */ = {
			isa = XCBuildConfiguration;
			buildSettings = {
				ALWAYS_SEARCH_USER_PATHS = NO;
				CLANG_ANALYZER_NONNULL = YES;
				CLANG_ANALYZER_NUMBER_OBJECT_CONVERSION = YES_AGGRESSIVE;
				CLANG_CXX_LANGUAGE_STANDARD = "gnu++14";
				CLANG_CXX_LIBRARY = "libc++";
				CLANG_ENABLE_MODULES = YES;
				CLANG_ENABLE_OBJC_ARC = YES;
				CLANG_ENABLE_OBJC_WEAK = YES;
				CLANG_WARN_BLOCK_CAPTURE_AUTORELEASING = YES;
				CLANG_WARN_BOOL_CONVERSION = YES;
				CLANG_WARN_COMMA = YES;
				CLANG_WARN_CONSTANT_CONVERSION = YES;
				CLANG_WARN_DEPRECATED_OBJC_IMPLEMENTATIONS = YES;
				CLANG_WARN_DIRECT_OBJC_ISA_USAGE = YES_ERROR;
				CLANG_WARN_DOCUMENTATION_COMMENTS = YES;
				CLANG_WARN_EMPTY_BODY = YES;
				CLANG_WARN_ENUM_CONVERSION = YES;
				CLANG_WARN_INFINITE_RECURSION = YES;
				CLANG_WARN_INT_CONVERSION = YES;
				CLANG_WARN_NON_LITERAL_NULL_CONVERSION = YES;
				CLANG_WARN_OBJC_IMPLICIT_RETAIN_SELF = YES;
				CLANG_WARN_OBJC_LITERAL_CONVERSION = YES;
				CLANG_WARN_OBJC_ROOT_CLASS = YES_ERROR;
				CLANG_WARN_QUOTED_INCLUDE_IN_FRAMEWORK_HEADER = YES;
				CLANG_WARN_RANGE_LOOP_ANALYSIS = YES;
				CLANG_WARN_STRICT_PROTOTYPES = YES;
				CLANG_WARN_SUSPICIOUS_MOVE = YES;
				CLANG_WARN_UNGUARDED_AVAILABILITY = YES_AGGRESSIVE;
				CLANG_WARN_UNREACHABLE_CODE = YES;
				CLANG_WARN__DUPLICATE_METHOD_MATCH = YES;
				COPY_PHASE_STRIP = NO;
				DEBUG_INFORMATION_FORMAT = dwarf;
				ENABLE_STRICT_OBJC_MSGSEND = YES;
				ENABLE_TESTABILITY = YES;
				GCC_C_LANGUAGE_STANDARD = gnu11;
				GCC_DYNAMIC_NO_PIC = NO;
				GCC_NO_COMMON_BLOCKS = YES;
				GCC_OPTIMIZATION_LEVEL = 0;
				GCC_PREPROCESSOR_DEFINITIONS = (
					"DEBUG=1",
					"$(inherited)",
				);
				GCC_WARN_64_TO_32_BIT_CONVERSION = YES;
				GCC_WARN_ABOUT_RETURN_TYPE = YES_ERROR;
				GCC_WARN_UNDECLARED_SELECTOR = YES;
				GCC_WARN_UNINITIALIZED_AUTOS = YES_AGGRESSIVE;
				GCC_WARN_UNUSED_FUNCTION = YES;
				GCC_WARN_UNUSED_VARIABLE = YES;
				IPHONEOS_DEPLOYMENT_TARGET = 14.4;
				MTL_ENABLE_DEBUG_INFO = INCLUDE_SOURCE;
				MTL_FAST_MATH = YES;
				ONLY_ACTIVE_ARCH = YES;
				SDKROOT = iphoneos;
				SWIFT_ACTIVE_COMPILATION_CONDITIONS = DEBUG;
				SWIFT_OPTIMIZATION_LEVEL = "-Onone";
			};
			name = Debug;
		};
		871B79CE263745A400E6015C /* Release */ = {
			isa = XCBuildConfiguration;
			buildSettings = {
				ALWAYS_SEARCH_USER_PATHS = NO;
				CLANG_ANALYZER_NONNULL = YES;
				CLANG_ANALYZER_NUMBER_OBJECT_CONVERSION = YES_AGGRESSIVE;
				CLANG_CXX_LANGUAGE_STANDARD = "gnu++14";
				CLANG_CXX_LIBRARY = "libc++";
				CLANG_ENABLE_MODULES = YES;
				CLANG_ENABLE_OBJC_ARC = YES;
				CLANG_ENABLE_OBJC_WEAK = YES;
				CLANG_WARN_BLOCK_CAPTURE_AUTORELEASING = YES;
				CLANG_WARN_BOOL_CONVERSION = YES;
				CLANG_WARN_COMMA = YES;
				CLANG_WARN_CONSTANT_CONVERSION = YES;
				CLANG_WARN_DEPRECATED_OBJC_IMPLEMENTATIONS = YES;
				CLANG_WARN_DIRECT_OBJC_ISA_USAGE = YES_ERROR;
				CLANG_WARN_DOCUMENTATION_COMMENTS = YES;
				CLANG_WARN_EMPTY_BODY = YES;
				CLANG_WARN_ENUM_CONVERSION = YES;
				CLANG_WARN_INFINITE_RECURSION = YES;
				CLANG_WARN_INT_CONVERSION = YES;
				CLANG_WARN_NON_LITERAL_NULL_CONVERSION = YES;
				CLANG_WARN_OBJC_IMPLICIT_RETAIN_SELF = YES;
				CLANG_WARN_OBJC_LITERAL_CONVERSION = YES;
				CLANG_WARN_OBJC_ROOT_CLASS = YES_ERROR;
				CLANG_WARN_QUOTED_INCLUDE_IN_FRAMEWORK_HEADER = YES;
				CLANG_WARN_RANGE_LOOP_ANALYSIS = YES;
				CLANG_WARN_STRICT_PROTOTYPES = YES;
				CLANG_WARN_SUSPICIOUS_MOVE = YES;
				CLANG_WARN_UNGUARDED_AVAILABILITY = YES_AGGRESSIVE;
				CLANG_WARN_UNREACHABLE_CODE = YES;
				CLANG_WARN__DUPLICATE_METHOD_MATCH = YES;
				COPY_PHASE_STRIP = NO;
				DEBUG_INFORMATION_FORMAT = "dwarf-with-dsym";
				ENABLE_NS_ASSERTIONS = NO;
				ENABLE_STRICT_OBJC_MSGSEND = YES;
				GCC_C_LANGUAGE_STANDARD = gnu11;
				GCC_NO_COMMON_BLOCKS = YES;
				GCC_WARN_64_TO_32_BIT_CONVERSION = YES;
				GCC_WARN_ABOUT_RETURN_TYPE = YES_ERROR;
				GCC_WARN_UNDECLARED_SELECTOR = YES;
				GCC_WARN_UNINITIALIZED_AUTOS = YES_AGGRESSIVE;
				GCC_WARN_UNUSED_FUNCTION = YES;
				GCC_WARN_UNUSED_VARIABLE = YES;
				IPHONEOS_DEPLOYMENT_TARGET = 14.4;
				MTL_ENABLE_DEBUG_INFO = NO;
				MTL_FAST_MATH = YES;
				SDKROOT = iphoneos;
				SWIFT_COMPILATION_MODE = wholemodule;
				SWIFT_OPTIMIZATION_LEVEL = "-O";
				VALIDATE_PRODUCT = YES;
			};
			name = Release;
		};
		871B79D0263745A400E6015C /* Debug */ = {
			isa = XCBuildConfiguration;
			buildSettings = {
				ASSETCATALOG_COMPILER_APPICON_NAME = AppIcon;
				ASSETCATALOG_COMPILER_GLOBAL_ACCENT_COLOR_NAME = AccentColor;
				CODE_SIGN_STYLE = Automatic;
				DEVELOPMENT_TEAM = XX77A4QKHR;
				INFOPLIST_FILE = Navigation/Info.plist;
				LD_RUNPATH_SEARCH_PATHS = (
					"$(inherited)",
					"@executable_path/Frameworks",
				);
				PRODUCT_BUNDLE_IDENTIFIER = andreaslydemann.Navigation;
				PRODUCT_NAME = "$(TARGET_NAME)";
				SWIFT_VERSION = 5.0;
				TARGETED_DEVICE_FAMILY = "1,2";
			};
			name = Debug;
		};
		871B79D1263745A400E6015C /* Release */ = {
			isa = XCBuildConfiguration;
			buildSettings = {
				ASSETCATALOG_COMPILER_APPICON_NAME = AppIcon;
				ASSETCATALOG_COMPILER_GLOBAL_ACCENT_COLOR_NAME = AccentColor;
				CODE_SIGN_STYLE = Automatic;
				DEVELOPMENT_TEAM = XX77A4QKHR;
				INFOPLIST_FILE = Navigation/Info.plist;
				LD_RUNPATH_SEARCH_PATHS = (
					"$(inherited)",
					"@executable_path/Frameworks",
				);
				PRODUCT_BUNDLE_IDENTIFIER = andreaslydemann.Navigation;
				PRODUCT_NAME = "$(TARGET_NAME)";
				SWIFT_VERSION = 5.0;
				TARGETED_DEVICE_FAMILY = "1,2";
			};
			name = Release;
		};
		871B79D3263745A400E6015C /* Debug */ = {
			isa = XCBuildConfiguration;
			buildSettings = {
				ALWAYS_EMBED_SWIFT_STANDARD_LIBRARIES = YES;
				BUNDLE_LOADER = "$(TEST_HOST)";
				CODE_SIGN_STYLE = Automatic;
				DEVELOPMENT_TEAM = XX77A4QKHR;
				INFOPLIST_FILE = NavigationTests/Info.plist;
				IPHONEOS_DEPLOYMENT_TARGET = 14.4;
				LD_RUNPATH_SEARCH_PATHS = (
					"$(inherited)",
					"@executable_path/Frameworks",
					"@loader_path/Frameworks",
				);
				PRODUCT_BUNDLE_IDENTIFIER = andreaslydemann.NavigationTests;
				PRODUCT_NAME = "$(TARGET_NAME)";
				SWIFT_VERSION = 5.0;
				TARGETED_DEVICE_FAMILY = "1,2";
				TEST_HOST = "$(BUILT_PRODUCTS_DIR)/Navigation.app/Navigation";
			};
			name = Debug;
		};
		871B79D4263745A400E6015C /* Release */ = {
			isa = XCBuildConfiguration;
			buildSettings = {
				ALWAYS_EMBED_SWIFT_STANDARD_LIBRARIES = YES;
				BUNDLE_LOADER = "$(TEST_HOST)";
				CODE_SIGN_STYLE = Automatic;
				DEVELOPMENT_TEAM = XX77A4QKHR;
				INFOPLIST_FILE = NavigationTests/Info.plist;
				IPHONEOS_DEPLOYMENT_TARGET = 14.4;
				LD_RUNPATH_SEARCH_PATHS = (
					"$(inherited)",
					"@executable_path/Frameworks",
					"@loader_path/Frameworks",
				);
				PRODUCT_BUNDLE_IDENTIFIER = andreaslydemann.NavigationTests;
				PRODUCT_NAME = "$(TARGET_NAME)";
				SWIFT_VERSION = 5.0;
				TARGETED_DEVICE_FAMILY = "1,2";
				TEST_HOST = "$(BUILT_PRODUCTS_DIR)/Navigation.app/Navigation";
			};
			name = Release;
		};
		871B79D6263745A400E6015C /* Debug */ = {
			isa = XCBuildConfiguration;
			buildSettings = {
				ALWAYS_EMBED_SWIFT_STANDARD_LIBRARIES = YES;
				CODE_SIGN_STYLE = Automatic;
				DEVELOPMENT_TEAM = XX77A4QKHR;
				INFOPLIST_FILE = NavigationUITests/Info.plist;
				LD_RUNPATH_SEARCH_PATHS = (
					"$(inherited)",
					"@executable_path/Frameworks",
					"@loader_path/Frameworks",
				);
				PRODUCT_BUNDLE_IDENTIFIER = andreaslydemann.NavigationUITests;
				PRODUCT_NAME = "$(TARGET_NAME)";
				SWIFT_VERSION = 5.0;
				TARGETED_DEVICE_FAMILY = "1,2";
				TEST_TARGET_NAME = Navigation;
			};
			name = Debug;
		};
		871B79D7263745A400E6015C /* Release */ = {
			isa = XCBuildConfiguration;
			buildSettings = {
				ALWAYS_EMBED_SWIFT_STANDARD_LIBRARIES = YES;
				CODE_SIGN_STYLE = Automatic;
				DEVELOPMENT_TEAM = XX77A4QKHR;
				INFOPLIST_FILE = NavigationUITests/Info.plist;
				LD_RUNPATH_SEARCH_PATHS = (
					"$(inherited)",
					"@executable_path/Frameworks",
					"@loader_path/Frameworks",
				);
				PRODUCT_BUNDLE_IDENTIFIER = andreaslydemann.NavigationUITests;
				PRODUCT_NAME = "$(TARGET_NAME)";
				SWIFT_VERSION = 5.0;
				TARGETED_DEVICE_FAMILY = "1,2";
				TEST_TARGET_NAME = Navigation;
			};
			name = Release;
		};
/* End XCBuildConfiguration section */

/* Begin XCConfigurationList section */
		871B79A0263745A200E6015C /* Build configuration list for PBXProject "Navigation" */ = {
			isa = XCConfigurationList;
			buildConfigurations = (
				871B79CD263745A400E6015C /* Debug */,
				871B79CE263745A400E6015C /* Release */,
			);
			defaultConfigurationIsVisible = 0;
			defaultConfigurationName = Release;
		};
		871B79CF263745A400E6015C /* Build configuration list for PBXNativeTarget "Navigation" */ = {
			isa = XCConfigurationList;
			buildConfigurations = (
				871B79D0263745A400E6015C /* Debug */,
				871B79D1263745A400E6015C /* Release */,
			);
			defaultConfigurationIsVisible = 0;
			defaultConfigurationName = Release;
		};
		871B79D2263745A400E6015C /* Build configuration list for PBXNativeTarget "NavigationTests" */ = {
			isa = XCConfigurationList;
			buildConfigurations = (
				871B79D3263745A400E6015C /* Debug */,
				871B79D4263745A400E6015C /* Release */,
			);
			defaultConfigurationIsVisible = 0;
			defaultConfigurationName = Release;
		};
		871B79D5263745A400E6015C /* Build configuration list for PBXNativeTarget "NavigationUITests" */ = {
			isa = XCConfigurationList;
			buildConfigurations = (
				871B79D6263745A400E6015C /* Debug */,
				871B79D7263745A400E6015C /* Release */,
			);
			defaultConfigurationIsVisible = 0;
			defaultConfigurationName = Release;
		};
/* End XCConfigurationList section */
	};
	rootObject = 871B799D263745A200E6015C /* Project object */;
}
