// !$*UTF8*$!
{
	archiveVersion = 1;
	classes = {
	};
	objectVersion = 50;
	objects = {

/* Begin PBXBuildFile section */
		8760AD19262E237C00BDEF91 /* AppDelegate.swift in Sources */ = {isa = PBXBuildFile; fileRef = 8760AD18262E237C00BDEF91 /* AppDelegate.swift */; };
		8760AD1B262E237C00BDEF91 /* SceneDelegate.swift in Sources */ = {isa = PBXBuildFile; fileRef = 8760AD1A262E237C00BDEF91 /* SceneDelegate.swift */; };
		8760AD1D262E237C00BDEF91 /* ViewController.swift in Sources */ = {isa = PBXBuildFile; fileRef = 8760AD1C262E237C00BDEF91 /* ViewController.swift */; };
		8760AD20262E237C00BDEF91 /* Main.storyboard in Resources */ = {isa = PBXBuildFile; fileRef = 8760AD1E262E237C00BDEF91 /* Main.storyboard */; };
		8760AD22262E237D00BDEF91 /* Assets.xcassets in Resources */ = {isa = PBXBuildFile; fileRef = 8760AD21262E237D00BDEF91 /* Assets.xcassets */; };
		8760AD25262E237D00BDEF91 /* LaunchScreen.storyboard in Resources */ = {isa = PBXBuildFile; fileRef = 8760AD23262E237D00BDEF91 /* LaunchScreen.storyboard */; };
		8760AD30262E237E00BDEF91 /* AppLaunchTests.swift in Sources */ = {isa = PBXBuildFile; fileRef = 8760AD2F262E237E00BDEF91 /* AppLaunchTests.swift */; };
		8760AD3B262E237E00BDEF91 /* AppLaunchUITests.swift in Sources */ = {isa = PBXBuildFile; fileRef = 8760AD3A262E237E00BDEF91 /* AppLaunchUITests.swift */; };
		8760AD4C262E24AA00BDEF91 /* TestingAppDelegate.swift in Sources */ = {isa = PBXBuildFile; fileRef = 8760AD4B262E24AA00BDEF91 /* TestingAppDelegate.swift */; };
		8760AD51262E255600BDEF91 /* main.swift in Sources */ = {isa = PBXBuildFile; fileRef = 8760AD50262E255600BDEF91 /* main.swift */; };
/* End PBXBuildFile section */

/* Begin PBXContainerItemProxy section */
		8760AD2C262E237E00BDEF91 /* PBXContainerItemProxy */ = {
			isa = PBXContainerItemProxy;
			containerPortal = 8760AD0D262E237C00BDEF91 /* Project object */;
			proxyType = 1;
			remoteGlobalIDString = 8760AD14262E237C00BDEF91;
			remoteInfo = AppLaunch;
		};
		8760AD37262E237E00BDEF91 /* PBXContainerItemProxy */ = {
			isa = PBXContainerItemProxy;
			containerPortal = 8760AD0D262E237C00BDEF91 /* Project object */;
			proxyType = 1;
			remoteGlobalIDString = 8760AD14262E237C00BDEF91;
			remoteInfo = AppLaunch;
		};
/* End PBXContainerItemProxy section */

/* Begin PBXFileReference section */
		8760AD15262E237C00BDEF91 /* AppLaunch.app */ = {isa = PBXFileReference; explicitFileType = wrapper.application; includeInIndex = 0; path = AppLaunch.app; sourceTree = BUILT_PRODUCTS_DIR; };
		8760AD18262E237C00BDEF91 /* AppDelegate.swift */ = {isa = PBXFileReference; lastKnownFileType = sourcecode.swift; path = AppDelegate.swift; sourceTree = "<group>"; };
		8760AD1A262E237C00BDEF91 /* SceneDelegate.swift */ = {isa = PBXFileReference; lastKnownFileType = sourcecode.swift; path = SceneDelegate.swift; sourceTree = "<group>"; };
		8760AD1C262E237C00BDEF91 /* ViewController.swift */ = {isa = PBXFileReference; lastKnownFileType = sourcecode.swift; path = ViewController.swift; sourceTree = "<group>"; };
		8760AD1F262E237C00BDEF91 /* Base */ = {isa = PBXFileReference; lastKnownFileType = file.storyboard; name = Base; path = Base.lproj/Main.storyboard; sourceTree = "<group>"; };
		8760AD21262E237D00BDEF91 /* Assets.xcassets */ = {isa = PBXFileReference; lastKnownFileType = folder.assetcatalog; path = Assets.xcassets; sourceTree = "<group>"; };
		8760AD24262E237D00BDEF91 /* Base */ = {isa = PBXFileReference; lastKnownFileType = file.storyboard; name = Base; path = Base.lproj/LaunchScreen.storyboard; sourceTree = "<group>"; };
		8760AD26262E237D00BDEF91 /* Info.plist */ = {isa = PBXFileReference; lastKnownFileType = text.plist.xml; path = Info.plist; sourceTree = "<group>"; };
		8760AD2B262E237E00BDEF91 /* AppLaunchTests.xctest */ = {isa = PBXFileReference; explicitFileType = wrapper.cfbundle; includeInIndex = 0; path = AppLaunchTests.xctest; sourceTree = BUILT_PRODUCTS_DIR; };
		8760AD2F262E237E00BDEF91 /* AppLaunchTests.swift */ = {isa = PBXFileReference; lastKnownFileType = sourcecode.swift; path = AppLaunchTests.swift; sourceTree = "<group>"; };
		8760AD31262E237E00BDEF91 /* Info.plist */ = {isa = PBXFileReference; lastKnownFileType = text.plist.xml; path = Info.plist; sourceTree = "<group>"; };
		8760AD36262E237E00BDEF91 /* AppLaunchUITests.xctest */ = {isa = PBXFileReference; explicitFileType = wrapper.cfbundle; includeInIndex = 0; path = AppLaunchUITests.xctest; sourceTree = BUILT_PRODUCTS_DIR; };
		8760AD3A262E237E00BDEF91 /* AppLaunchUITests.swift */ = {isa = PBXFileReference; lastKnownFileType = sourcecode.swift; path = AppLaunchUITests.swift; sourceTree = "<group>"; };
		8760AD3C262E237E00BDEF91 /* Info.plist */ = {isa = PBXFileReference; lastKnownFileType = text.plist.xml; path = Info.plist; sourceTree = "<group>"; };
		8760AD4B262E24AA00BDEF91 /* TestingAppDelegate.swift */ = {isa = PBXFileReference; lastKnownFileType = sourcecode.swift; path = TestingAppDelegate.swift; sourceTree = "<group>"; };
		8760AD50262E255600BDEF91 /* main.swift */ = {isa = PBXFileReference; lastKnownFileType = sourcecode.swift; path = main.swift; sourceTree = "<group>"; };
/* End PBXFileReference section */

/* Begin PBXFrameworksBuildPhase section */
		8760AD12262E237C00BDEF91 /* Frameworks */ = {
			isa = PBXFrameworksBuildPhase;
			buildActionMask = 2147483647;
			files = (
			);
			runOnlyForDeploymentPostprocessing = 0;
		};
		8760AD28262E237E00BDEF91 /* Frameworks */ = {
			isa = PBXFrameworksBuildPhase;
			buildActionMask = 2147483647;
			files = (
			);
			runOnlyForDeploymentPostprocessing = 0;
		};
		8760AD33262E237E00BDEF91 /* Frameworks */ = {
			isa = PBXFrameworksBuildPhase;
			buildActionMask = 2147483647;
			files = (
			);
			runOnlyForDeploymentPostprocessing = 0;
		};
/* End PBXFrameworksBuildPhase section */

/* Begin PBXGroup section */
		8760AD0C262E237C00BDEF91 = {
			isa = PBXGroup;
			children = (
				8760AD17262E237C00BDEF91 /* AppLaunch */,
				8760AD2E262E237E00BDEF91 /* AppLaunchTests */,
				8760AD39262E237E00BDEF91 /* AppLaunchUITests */,
				8760AD16262E237C00BDEF91 /* Products */,
			);
			sourceTree = "<group>";
		};
		8760AD16262E237C00BDEF91 /* Products */ = {
			isa = PBXGroup;
			children = (
				8760AD15262E237C00BDEF91 /* AppLaunch.app */,
				8760AD2B262E237E00BDEF91 /* AppLaunchTests.xctest */,
				8760AD36262E237E00BDEF91 /* AppLaunchUITests.xctest */,
			);
			name = Products;
			sourceTree = "<group>";
		};
		8760AD17262E237C00BDEF91 /* AppLaunch */ = {
			isa = PBXGroup;
			children = (
				8760AD18262E237C00BDEF91 /* AppDelegate.swift */,
				8760AD1A262E237C00BDEF91 /* SceneDelegate.swift */,
				8760AD1C262E237C00BDEF91 /* ViewController.swift */,
				8760AD1E262E237C00BDEF91 /* Main.storyboard */,
				8760AD21262E237D00BDEF91 /* Assets.xcassets */,
				8760AD23262E237D00BDEF91 /* LaunchScreen.storyboard */,
				8760AD26262E237D00BDEF91 /* Info.plist */,
				8760AD50262E255600BDEF91 /* main.swift */,
			);
			path = AppLaunch;
			sourceTree = "<group>";
		};
		8760AD2E262E237E00BDEF91 /* AppLaunchTests */ = {
			isa = PBXGroup;
			children = (
				8760AD2F262E237E00BDEF91 /* AppLaunchTests.swift */,
				8760AD31262E237E00BDEF91 /* Info.plist */,
				8760AD4B262E24AA00BDEF91 /* TestingAppDelegate.swift */,
			);
			path = AppLaunchTests;
			sourceTree = "<group>";
		};
		8760AD39262E237E00BDEF91 /* AppLaunchUITests */ = {
			isa = PBXGroup;
			children = (
				8760AD3A262E237E00BDEF91 /* AppLaunchUITests.swift */,
				8760AD3C262E237E00BDEF91 /* Info.plist */,
			);
			path = AppLaunchUITests;
			sourceTree = "<group>";
		};
/* End PBXGroup section */

/* Begin PBXNativeTarget section */
		8760AD14262E237C00BDEF91 /* AppLaunch */ = {
			isa = PBXNativeTarget;
			buildConfigurationList = 8760AD3F262E237E00BDEF91 /* Build configuration list for PBXNativeTarget "AppLaunch" */;
			buildPhases = (
				8760AD11262E237C00BDEF91 /* Sources */,
				8760AD12262E237C00BDEF91 /* Frameworks */,
				8760AD13262E237C00BDEF91 /* Resources */,
			);
			buildRules = (
			);
			dependencies = (
			);
			name = AppLaunch;
			productName = AppLaunch;
			productReference = 8760AD15262E237C00BDEF91 /* AppLaunch.app */;
			productType = "com.apple.product-type.application";
		};
		8760AD2A262E237E00BDEF91 /* AppLaunchTests */ = {
			isa = PBXNativeTarget;
			buildConfigurationList = 8760AD42262E237E00BDEF91 /* Build configuration list for PBXNativeTarget "AppLaunchTests" */;
			buildPhases = (
				8760AD27262E237E00BDEF91 /* Sources */,
				8760AD28262E237E00BDEF91 /* Frameworks */,
				8760AD29262E237E00BDEF91 /* Resources */,
			);
			buildRules = (
			);
			dependencies = (
				8760AD2D262E237E00BDEF91 /* PBXTargetDependency */,
			);
			name = AppLaunchTests;
			productName = AppLaunchTests;
			productReference = 8760AD2B262E237E00BDEF91 /* AppLaunchTests.xctest */;
			productType = "com.apple.product-type.bundle.unit-test";
		};
		8760AD35262E237E00BDEF91 /* AppLaunchUITests */ = {
			isa = PBXNativeTarget;
			buildConfigurationList = 8760AD45262E237E00BDEF91 /* Build configuration list for PBXNativeTarget "AppLaunchUITests" */;
			buildPhases = (
				8760AD32262E237E00BDEF91 /* Sources */,
				8760AD33262E237E00BDEF91 /* Frameworks */,
				8760AD34262E237E00BDEF91 /* Resources */,
			);
			buildRules = (
			);
			dependencies = (
				8760AD38262E237E00BDEF91 /* PBXTargetDependency */,
			);
			name = AppLaunchUITests;
			productName = AppLaunchUITests;
			productReference = 8760AD36262E237E00BDEF91 /* AppLaunchUITests.xctest */;
			productType = "com.apple.product-type.bundle.ui-testing";
		};
/* End PBXNativeTarget section */

/* Begin PBXProject section */
		8760AD0D262E237C00BDEF91 /* Project object */ = {
			isa = PBXProject;
			attributes = {
				LastSwiftUpdateCheck = 1240;
				LastUpgradeCheck = 1240;
				TargetAttributes = {
					8760AD14262E237C00BDEF91 = {
						CreatedOnToolsVersion = 12.4;
					};
					8760AD2A262E237E00BDEF91 = {
						CreatedOnToolsVersion = 12.4;
						TestTargetID = 8760AD14262E237C00BDEF91;
					};
					8760AD35262E237E00BDEF91 = {
						CreatedOnToolsVersion = 12.4;
						TestTargetID = 8760AD14262E237C00BDEF91;
					};
				};
			};
			buildConfigurationList = 8760AD10262E237C00BDEF91 /* Build configuration list for PBXProject "AppLaunch" */;
			compatibilityVersion = "Xcode 9.3";
			developmentRegion = en;
			hasScannedForEncodings = 0;
			knownRegions = (
				en,
				Base,
			);
			mainGroup = 8760AD0C262E237C00BDEF91;
			productRefGroup = 8760AD16262E237C00BDEF91 /* Products */;
			projectDirPath = "";
			projectRoot = "";
			targets = (
				8760AD14262E237C00BDEF91 /* AppLaunch */,
				8760AD2A262E237E00BDEF91 /* AppLaunchTests */,
				8760AD35262E237E00BDEF91 /* AppLaunchUITests */,
			);
		};
/* End PBXProject section */

/* Begin PBXResourcesBuildPhase section */
		8760AD13262E237C00BDEF91 /* Resources */ = {
			isa = PBXResourcesBuildPhase;
			buildActionMask = 2147483647;
			files = (
				8760AD25262E237D00BDEF91 /* LaunchScreen.storyboard in Resources */,
				8760AD22262E237D00BDEF91 /* Assets.xcassets in Resources */,
				8760AD20262E237C00BDEF91 /* Main.storyboard in Resources */,
			);
			runOnlyForDeploymentPostprocessing = 0;
		};
		8760AD29262E237E00BDEF91 /* Resources */ = {
			isa = PBXResourcesBuildPhase;
			buildActionMask = 2147483647;
			files = (
			);
			runOnlyForDeploymentPostprocessing = 0;
		};
		8760AD34262E237E00BDEF91 /* Resources */ = {
			isa = PBXResourcesBuildPhase;
			buildActionMask = 2147483647;
			files = (
			);
			runOnlyForDeploymentPostprocessing = 0;
		};
/* End PBXResourcesBuildPhase section */

/* Begin PBXSourcesBuildPhase section */
		8760AD11262E237C00BDEF91 /* Sources */ = {
			isa = PBXSourcesBuildPhase;
			buildActionMask = 2147483647;
			files = (
				8760AD1D262E237C00BDEF91 /* ViewController.swift in Sources */,
				8760AD19262E237C00BDEF91 /* AppDelegate.swift in Sources */,
				8760AD51262E255600BDEF91 /* main.swift in Sources */,
				8760AD1B262E237C00BDEF91 /* SceneDelegate.swift in Sources */,
			);
			runOnlyForDeploymentPostprocessing = 0;
		};
		8760AD27262E237E00BDEF91 /* Sources */ = {
			isa = PBXSourcesBuildPhase;
			buildActionMask = 2147483647;
			files = (
				8760AD30262E237E00BDEF91 /* AppLaunchTests.swift in Sources */,
				8760AD4C262E24AA00BDEF91 /* TestingAppDelegate.swift in Sources */,
			);
			runOnlyForDeploymentPostprocessing = 0;
		};
		8760AD32262E237E00BDEF91 /* Sources */ = {
			isa = PBXSourcesBuildPhase;
			buildActionMask = 2147483647;
			files = (
				8760AD3B262E237E00BDEF91 /* AppLaunchUITests.swift in Sources */,
			);
			runOnlyForDeploymentPostprocessing = 0;
		};
/* End PBXSourcesBuildPhase section */

/* Begin PBXTargetDependency section */
		8760AD2D262E237E00BDEF91 /* PBXTargetDependency */ = {
			isa = PBXTargetDependency;
			target = 8760AD14262E237C00BDEF91 /* AppLaunch */;
			targetProxy = 8760AD2C262E237E00BDEF91 /* PBXContainerItemProxy */;
		};
		8760AD38262E237E00BDEF91 /* PBXTargetDependency */ = {
			isa = PBXTargetDependency;
			target = 8760AD14262E237C00BDEF91 /* AppLaunch */;
			targetProxy = 8760AD37262E237E00BDEF91 /* PBXContainerItemProxy */;
		};
/* End PBXTargetDependency section */

/* Begin PBXVariantGroup section */
		8760AD1E262E237C00BDEF91 /* Main.storyboard */ = {
			isa = PBXVariantGroup;
			children = (
				8760AD1F262E237C00BDEF91 /* Base */,
			);
			name = Main.storyboard;
			sourceTree = "<group>";
		};
		8760AD23262E237D00BDEF91 /* LaunchScreen.storyboard */ = {
			isa = PBXVariantGroup;
			children = (
				8760AD24262E237D00BDEF91 /* Base */,
			);
			name = LaunchScreen.storyboard;
			sourceTree = "<group>";
		};
/* End PBXVariantGroup section */

/* Begin XCBuildConfiguration section */
		8760AD3D262E237E00BDEF91 /* Debug */ = {
			isa = XCBuildConfiguration;
			buildSettings = {
				ALWAYS_SEARCH_USER_PATHS = NO;
				CLANG_ANALYZER_NONNULL = YES;
				CLANG_ANALYZER_NUMBER_OBJECT_CONVERSION = YES_AGGRESSIVE;
				CLANG_CXX_LANGUAGE_STANDARD = "gnu++14";
				CLANG_CXX_LIBRARY = "libc++";
				CLANG_ENABLE_MODULES = YES;
				CLANG_ENABLE_OBJC_ARC = YES;
				CLANG_ENABLE_OBJC_WEAK = YES;
				CLANG_WARN_BLOCK_CAPTURE_AUTORELEASING = YES;
				CLANG_WARN_BOOL_CONVERSION = YES;
				CLANG_WARN_COMMA = YES;
				CLANG_WARN_CONSTANT_CONVERSION = YES;
				CLANG_WARN_DEPRECATED_OBJC_IMPLEMENTATIONS = YES;
				CLANG_WARN_DIRECT_OBJC_ISA_USAGE = YES_ERROR;
				CLANG_WARN_DOCUMENTATION_COMMENTS = YES;
				CLANG_WARN_EMPTY_BODY = YES;
				CLANG_WARN_ENUM_CONVERSION = YES;
				CLANG_WARN_INFINITE_RECURSION = YES;
				CLANG_WARN_INT_CONVERSION = YES;
				CLANG_WARN_NON_LITERAL_NULL_CONVERSION = YES;
				CLANG_WARN_OBJC_IMPLICIT_RETAIN_SELF = YES;
				CLANG_WARN_OBJC_LITERAL_CONVERSION = YES;
				CLANG_WARN_OBJC_ROOT_CLASS = YES_ERROR;
				CLANG_WARN_QUOTED_INCLUDE_IN_FRAMEWORK_HEADER = YES;
				CLANG_WARN_RANGE_LOOP_ANALYSIS = YES;
				CLANG_WARN_STRICT_PROTOTYPES = YES;
				CLANG_WARN_SUSPICIOUS_MOVE = YES;
				CLANG_WARN_UNGUARDED_AVAILABILITY = YES_AGGRESSIVE;
				CLANG_WARN_UNREACHABLE_CODE = YES;
				CLANG_WARN__DUPLICATE_METHOD_MATCH = YES;
				COPY_PHASE_STRIP = NO;
				DEBUG_INFORMATION_FORMAT = dwarf;
				ENABLE_STRICT_OBJC_MSGSEND = YES;
				ENABLE_TESTABILITY = YES;
				GCC_C_LANGUAGE_STANDARD = gnu11;
				GCC_DYNAMIC_NO_PIC = NO;
				GCC_NO_COMMON_BLOCKS = YES;
				GCC_OPTIMIZATION_LEVEL = 0;
				GCC_PREPROCESSOR_DEFINITIONS = (
					"DEBUG=1",
					"$(inherited)",
				);
				GCC_WARN_64_TO_32_BIT_CONVERSION = YES;
				GCC_WARN_ABOUT_RETURN_TYPE = YES_ERROR;
				GCC_WARN_UNDECLARED_SELECTOR = YES;
				GCC_WARN_UNINITIALIZED_AUTOS = YES_AGGRESSIVE;
				GCC_WARN_UNUSED_FUNCTION = YES;
				GCC_WARN_UNUSED_VARIABLE = YES;
				IPHONEOS_DEPLOYMENT_TARGET = 14.4;
				MTL_ENABLE_DEBUG_INFO = INCLUDE_SOURCE;
				MTL_FAST_MATH = YES;
				ONLY_ACTIVE_ARCH = YES;
				SDKROOT = iphoneos;
				SWIFT_ACTIVE_COMPILATION_CONDITIONS = DEBUG;
				SWIFT_OPTIMIZATION_LEVEL = "-Onone";
			};
			name = Debug;
		};
		8760AD3E262E237E00BDEF91 /* Release */ = {
			isa = XCBuildConfiguration;
			buildSettings = {
				ALWAYS_SEARCH_USER_PATHS = NO;
				CLANG_ANALYZER_NONNULL = YES;
				CLANG_ANALYZER_NUMBER_OBJECT_CONVERSION = YES_AGGRESSIVE;
				CLANG_CXX_LANGUAGE_STANDARD = "gnu++14";
				CLANG_CXX_LIBRARY = "libc++";
				CLANG_ENABLE_MODULES = YES;
				CLANG_ENABLE_OBJC_ARC = YES;
				CLANG_ENABLE_OBJC_WEAK = YES;
				CLANG_WARN_BLOCK_CAPTURE_AUTORELEASING = YES;
				CLANG_WARN_BOOL_CONVERSION = YES;
				CLANG_WARN_COMMA = YES;
				CLANG_WARN_CONSTANT_CONVERSION = YES;
				CLANG_WARN_DEPRECATED_OBJC_IMPLEMENTATIONS = YES;
				CLANG_WARN_DIRECT_OBJC_ISA_USAGE = YES_ERROR;
				CLANG_WARN_DOCUMENTATION_COMMENTS = YES;
				CLANG_WARN_EMPTY_BODY = YES;
				CLANG_WARN_ENUM_CONVERSION = YES;
				CLANG_WARN_INFINITE_RECURSION = YES;
				CLANG_WARN_INT_CONVERSION = YES;
				CLANG_WARN_NON_LITERAL_NULL_CONVERSION = YES;
				CLANG_WARN_OBJC_IMPLICIT_RETAIN_SELF = YES;
				CLANG_WARN_OBJC_LITERAL_CONVERSION = YES;
				CLANG_WARN_OBJC_ROOT_CLASS = YES_ERROR;
				CLANG_WARN_QUOTED_INCLUDE_IN_FRAMEWORK_HEADER = YES;
				CLANG_WARN_RANGE_LOOP_ANALYSIS = YES;
				CLANG_WARN_STRICT_PROTOTYPES = YES;
				CLANG_WARN_SUSPICIOUS_MOVE = YES;
				CLANG_WARN_UNGUARDED_AVAILABILITY = YES_AGGRESSIVE;
				CLANG_WARN_UNREACHABLE_CODE = YES;
				CLANG_WARN__DUPLICATE_METHOD_MATCH = YES;
				COPY_PHASE_STRIP = NO;
				DEBUG_INFORMATION_FORMAT = "dwarf-with-dsym";
				ENABLE_NS_ASSERTIONS = NO;
				ENABLE_STRICT_OBJC_MSGSEND = YES;
				GCC_C_LANGUAGE_STANDARD = gnu11;
				GCC_NO_COMMON_BLOCKS = YES;
				GCC_WARN_64_TO_32_BIT_CONVERSION = YES;
				GCC_WARN_ABOUT_RETURN_TYPE = YES_ERROR;
				GCC_WARN_UNDECLARED_SELECTOR = YES;
				GCC_WARN_UNINITIALIZED_AUTOS = YES_AGGRESSIVE;
				GCC_WARN_UNUSED_FUNCTION = YES;
				GCC_WARN_UNUSED_VARIABLE = YES;
				IPHONEOS_DEPLOYMENT_TARGET = 14.4;
				MTL_ENABLE_DEBUG_INFO = NO;
				MTL_FAST_MATH = YES;
				SDKROOT = iphoneos;
				SWIFT_COMPILATION_MODE = wholemodule;
				SWIFT_OPTIMIZATION_LEVEL = "-O";
				VALIDATE_PRODUCT = YES;
			};
			name = Release;
		};
		8760AD40262E237E00BDEF91 /* Debug */ = {
			isa = XCBuildConfiguration;
			buildSettings = {
				ASSETCATALOG_COMPILER_APPICON_NAME = AppIcon;
				ASSETCATALOG_COMPILER_GLOBAL_ACCENT_COLOR_NAME = AccentColor;
				CODE_SIGN_STYLE = Automatic;
				DEVELOPMENT_TEAM = XX77A4QKHR;
				INFOPLIST_FILE = AppLaunch/Info.plist;
				LD_RUNPATH_SEARCH_PATHS = (
					"$(inherited)",
					"@executable_path/Frameworks",
				);
				PRODUCT_BUNDLE_IDENTIFIER = andreaslydemann.AppLaunch;
				PRODUCT_NAME = "$(TARGET_NAME)";
				SWIFT_VERSION = 5.0;
				TARGETED_DEVICE_FAMILY = "1,2";
			};
			name = Debug;
		};
		8760AD41262E237E00BDEF91 /* Release */ = {
			isa = XCBuildConfiguration;
			buildSettings = {
				ASSETCATALOG_COMPILER_APPICON_NAME = AppIcon;
				ASSETCATALOG_COMPILER_GLOBAL_ACCENT_COLOR_NAME = AccentColor;
				CODE_SIGN_STYLE = Automatic;
				DEVELOPMENT_TEAM = XX77A4QKHR;
				INFOPLIST_FILE = AppLaunch/Info.plist;
				LD_RUNPATH_SEARCH_PATHS = (
					"$(inherited)",
					"@executable_path/Frameworks",
				);
				PRODUCT_BUNDLE_IDENTIFIER = andreaslydemann.AppLaunch;
				PRODUCT_NAME = "$(TARGET_NAME)";
				SWIFT_VERSION = 5.0;
				TARGETED_DEVICE_FAMILY = "1,2";
			};
			name = Release;
		};
		8760AD43262E237E00BDEF91 /* Debug */ = {
			isa = XCBuildConfiguration;
			buildSettings = {
				ALWAYS_EMBED_SWIFT_STANDARD_LIBRARIES = YES;
				BUNDLE_LOADER = "$(TEST_HOST)";
				CODE_SIGN_STYLE = Automatic;
				DEVELOPMENT_TEAM = XX77A4QKHR;
				INFOPLIST_FILE = AppLaunchTests/Info.plist;
				IPHONEOS_DEPLOYMENT_TARGET = 14.4;
				LD_RUNPATH_SEARCH_PATHS = (
					"$(inherited)",
					"@executable_path/Frameworks",
					"@loader_path/Frameworks",
				);
				PRODUCT_BUNDLE_IDENTIFIER = andreaslydemann.AppLaunchTests;
				PRODUCT_NAME = "$(TARGET_NAME)";
				SWIFT_VERSION = 5.0;
				TARGETED_DEVICE_FAMILY = "1,2";
				TEST_HOST = "$(BUILT_PRODUCTS_DIR)/AppLaunch.app/AppLaunch";
			};
			name = Debug;
		};
		8760AD44262E237E00BDEF91 /* Release */ = {
			isa = XCBuildConfiguration;
			buildSettings = {
				ALWAYS_EMBED_SWIFT_STANDARD_LIBRARIES = YES;
				BUNDLE_LOADER = "$(TEST_HOST)";
				CODE_SIGN_STYLE = Automatic;
				DEVELOPMENT_TEAM = XX77A4QKHR;
				INFOPLIST_FILE = AppLaunchTests/Info.plist;
				IPHONEOS_DEPLOYMENT_TARGET = 14.4;
				LD_RUNPATH_SEARCH_PATHS = (
					"$(inherited)",
					"@executable_path/Frameworks",
					"@loader_path/Frameworks",
				);
				PRODUCT_BUNDLE_IDENTIFIER = andreaslydemann.AppLaunchTests;
				PRODUCT_NAME = "$(TARGET_NAME)";
				SWIFT_VERSION = 5.0;
				TARGETED_DEVICE_FAMILY = "1,2";
				TEST_HOST = "$(BUILT_PRODUCTS_DIR)/AppLaunch.app/AppLaunch";
			};
			name = Release;
		};
		8760AD46262E237E00BDEF91 /* Debug */ = {
			isa = XCBuildConfiguration;
			buildSettings = {
				ALWAYS_EMBED_SWIFT_STANDARD_LIBRARIES = YES;
				CODE_SIGN_STYLE = Automatic;
				DEVELOPMENT_TEAM = XX77A4QKHR;
				INFOPLIST_FILE = AppLaunchUITests/Info.plist;
				LD_RUNPATH_SEARCH_PATHS = (
					"$(inherited)",
					"@executable_path/Frameworks",
					"@loader_path/Frameworks",
				);
				PRODUCT_BUNDLE_IDENTIFIER = andreaslydemann.AppLaunchUITests;
				PRODUCT_NAME = "$(TARGET_NAME)";
				SWIFT_VERSION = 5.0;
				TARGETED_DEVICE_FAMILY = "1,2";
				TEST_TARGET_NAME = AppLaunch;
			};
			name = Debug;
		};
		8760AD47262E237E00BDEF91 /* Release */ = {
			isa = XCBuildConfiguration;
			buildSettings = {
				ALWAYS_EMBED_SWIFT_STANDARD_LIBRARIES = YES;
				CODE_SIGN_STYLE = Automatic;
				DEVELOPMENT_TEAM = XX77A4QKHR;
				INFOPLIST_FILE = AppLaunchUITests/Info.plist;
				LD_RUNPATH_SEARCH_PATHS = (
					"$(inherited)",
					"@executable_path/Frameworks",
					"@loader_path/Frameworks",
				);
				PRODUCT_BUNDLE_IDENTIFIER = andreaslydemann.AppLaunchUITests;
				PRODUCT_NAME = "$(TARGET_NAME)";
				SWIFT_VERSION = 5.0;
				TARGETED_DEVICE_FAMILY = "1,2";
				TEST_TARGET_NAME = AppLaunch;
			};
			name = Release;
		};
/* End XCBuildConfiguration section */

/* Begin XCConfigurationList section */
		8760AD10262E237C00BDEF91 /* Build configuration list for PBXProject "AppLaunch" */ = {
			isa = XCConfigurationList;
			buildConfigurations = (
				8760AD3D262E237E00BDEF91 /* Debug */,
				8760AD3E262E237E00BDEF91 /* Release */,
			);
			defaultConfigurationIsVisible = 0;
			defaultConfigurationName = Release;
		};
		8760AD3F262E237E00BDEF91 /* Build configuration list for PBXNativeTarget "AppLaunch" */ = {
			isa = XCConfigurationList;
			buildConfigurations = (
				8760AD40262E237E00BDEF91 /* Debug */,
				8760AD41262E237E00BDEF91 /* Release */,
			);
			defaultConfigurationIsVisible = 0;
			defaultConfigurationName = Release;
		};
		8760AD42262E237E00BDEF91 /* Build configuration list for PBXNativeTarget "AppLaunchTests" */ = {
			isa = XCConfigurationList;
			buildConfigurations = (
				8760AD43262E237E00BDEF91 /* Debug */,
				8760AD44262E237E00BDEF91 /* Release */,
			);
			defaultConfigurationIsVisible = 0;
			defaultConfigurationName = Release;
		};
		8760AD45262E237E00BDEF91 /* Build configuration list for PBXNativeTarget "AppLaunchUITests" */ = {
			isa = XCConfigurationList;
			buildConfigurations = (
				8760AD46262E237E00BDEF91 /* Debug */,
				8760AD47262E237E00BDEF91 /* Release */,
			);
			defaultConfigurationIsVisible = 0;
			defaultConfigurationName = Release;
		};
/* End XCConfigurationList section */
	};
	rootObject = 8760AD0D262E237C00BDEF91 /* Project object */;
}
